
Microsoft Visual Studio Solution File, Format Version 12.00
# Visual Studio Version 17
VisualStudioVersion = 17.2.32516.85
MinimumVisualStudioVersion = 10.0.40219.1
Project("{FAE04EC0-301F-11D3-BF4B-00C04F79EFBC}") = "ByteBankAdm", "ByteBankAdm\ByteBankAdm.csproj", "{51FFEF7C-2CF6-49D9-BD3C-97FA009273EA}"
EndProject
Global
	GlobalSection(SolutionConfigurationPlatforms) = preSolution
		Debug|Any CPU = Debug|Any CPU
		Release|Any CPU = Release|Any CPU
	EndGlobalSection
	GlobalSection(ProjectConfigurationPlatforms) = postSolution
		{51FFEF7C-2CF6-49D9-BD3C-97FA009273EA}.Debug|Any CPU.ActiveCfg = Debug|Any CPU
		{51FFEF7C-2CF6-49D9-BD3C-97FA009273EA}.Debug|Any CPU.Build.0 = Debug|Any CPU
		{51FFEF7C-2CF6-49D9-BD3C-97FA009273EA}.Release|Any CPU.ActiveCfg = Release|Any CPU
		{51FFEF7C-2CF6-49D9-BD3C-97FA009273EA}.Release|Any CPU.Build.0 = Release|Any CPU
	EndGlobalSection
	GlobalSection(SolutionProperties) = preSolution
		HideSolutionNode = FALSE
	EndGlobalSection
	GlobalSection(ExtensibilityGlobals) = postSolution
		SolutionGuid = {335EF15F-CFBF-4EA3-A114-2D2087EA9ED1}
	EndGlobalSection
EndGlobal
